# THIS IS AN AUTOGENERATED FILE. DO NOT EDIT THIS FILE DIRECTLY.
# yarn lockfile v1


complex.js@2.0.1:
  version "2.0.1"
  resolved "https://registry.yarnpkg.com/complex.js/-/complex.js-2.0.1.tgz#ea90c7a05aeceaf3a376d2c0f6a78421727d6879"

decimal.js@7.1.1:
  version "7.1.1"
  resolved "https://registry.yarnpkg.com/decimal.js/-/decimal.js-7.1.1.tgz#1adcad7d70d7a91c426d756f1eb6566c3be6cbcf"

fraction.js@4.0.0:
  version "4.0.0"
  resolved "https://registry.yarnpkg.com/fraction.js/-/fraction.js-4.0.0.tgz#73974e2f8b51ef709536d624cc90782e2bb61274"

import-lazy@^2.1.0:
  version "2.1.0"
  resolved "https://registry.yarnpkg.com/import-lazy/-/import-lazy-2.1.0.tgz#05698e3d45c88e8d7e9d92cb0584e77f096f3e43"

lodash@^4.17.4:
  version "4.17.4"
  resolved "https://registry.yarnpkg.com/lodash/-/lodash-4.17.4.tgz#78203a4d1c328ae1d86dca6460e369b57f4055ae"

mathjs@^3.9.3:
  version "3.9.3"
  resolved "https://registry.yarnpkg.com/mathjs/-/mathjs-3.9.3.tgz#d99b06093e83772a8d622457aedffd8f65a46183"
  dependencies:
    complex.js "2.0.1"
    decimal.js "7.1.1"
    fraction.js "4.0.0"
    tiny-emitter "1.1.0"
    typed-function "0.10.5"

tiny-emitter@1.1.0:
  version "1.1.0"
  resolved "https://registry.yarnpkg.com/tiny-emitter/-/tiny-emitter-1.1.0.tgz#ab405a21ffed814a76c19739648093d70654fecb"

typed-function@0.10.5:
  version "0.10.5"
  resolved "https://registry.yarnpkg.com/typed-function/-/typed-function-0.10.5.tgz#2e0f18abd065219fab694a446a65c6d1981832c0"

vue-electron@^1.0.6:
  version "1.0.6"
  resolved "https://registry.yarnpkg.com/vue-electron/-/vue-electron-1.0.6.tgz#e798e03180b8933539defe31f92e53b9242b9406"

vue@^2.1.10:
  version "2.2.1"
  resolved "https://registry.yarnpkg.com/vue/-/vue-2.2.1.tgz#ddbfd2f0caf38f374f5a36eea2e1edf25225b68e"
